{
  "name": "dump",
  "version": "1.0.0",
  "lockfileVersion": 3,
  "requires": true,
  "packages": {
    "": {
      "name": "dump",
      "version": "1.0.0",
      "license": "ISC",
      "dependencies": {
        "say-hello-function-by-ansh": "^0.0.3"
      }
    },
    "node_modules/say-hello-function-by-ansh": {
      "version": "0.0.3",
      "resolved": "https://registry.npmjs.org/say-hello-function-by-ansh/-/say-hello-function-by-ansh-0.0.3.tgz",
      "integrity": "sha512-RNca22DPRzw8NO/jC1UzE02z119Bttmab2ED8LzjzgJhKZqNFdlQ/pe0kehFKbU3OPV3pyGo2tAGs1hXQNve1Q==",
      "license": "MIT"
    }
  }
}
